<?xml version="1.0" encoding="utf-8"?>
<Project ToolsVersion="4.0" xmlns="http://schemas.microsoft.com/developer/msbuild/2003">
  <ItemGroup>
    <Filter Include="ソース ファイル">
      <UniqueIdentifier>{4FC737F1-C7A5-4376-A066-2A32D752A2FF}</UniqueIdentifier>
      <Extensions>cpp;c;cc;cxx;c++;cppm;ixx;def;odl;idl;hpj;bat;asm;asmx</Extensions>
    </Filter>
    <Filter Include="ヘッダー ファイル">
      <UniqueIdentifier>{93995380-89BD-4b04-88EB-625FBE52EBFB}</UniqueIdentifier>
      <Extensions>h;hh;hpp;hxx;h++;hm;inl;inc;ipp;xsd</Extensions>
    </Filter>
    <Filter Include="リソース ファイル">
      <UniqueIdentifier>{67DA6AB6-F800-4c08-8B7A-83BB121AAD01}</UniqueIdentifier>
      <Extensions>rc;ico;cur;bmp;dlg;rc2;rct;bin;rgs;gif;jpg;jpeg;jpe;resx;tiff;tif;png;wav;mfcribbon-ms</Extensions>
    </Filter>
    <Filter Include="ヘッダー ファイル\fmt">
      <UniqueIdentifier>{7c9a77f0-ee6e-4d2d-b837-45b130201d19}</UniqueIdentifier>
    </Filter>
    <Filter Include="ヘッダー ファイル\quill">
      <UniqueIdentifier>{7b6701b7-2fbc-4097-bd03-ac761ec24653}</UniqueIdentifier>
    </Filter>
  </ItemGroup>
  <ItemGroup>
    <ClCompile Include="streamingmgr.cpp">
      <Filter>ソース ファイル</Filter>
    </ClCompile>
    <ClCompile Include="main.cpp">
      <Filter>ソース ファイル</Filter>
    </ClCompile>
  </ItemGroup>
  <ItemGroup>
    <ClInclude Include="streamingmgr.h">
      <Filter>ヘッダー ファイル</Filter>
    </ClInclude>
    <ClInclude Include="include\fmt\args.h">
      <Filter>ヘッダー ファイル\fmt</Filter>
    </ClInclude>
    <ClInclude Include="include\fmt\base.h">
      <Filter>ヘッダー ファイル\fmt</Filter>
    </ClInclude>
    <ClInclude Include="include\fmt\chrono.h">
      <Filter>ヘッダー ファイル\fmt</Filter>
    </ClInclude>
    <ClInclude Include="include\fmt\color.h">
      <Filter>ヘッダー ファイル\fmt</Filter>
    </ClInclude>
    <ClInclude Include="include\fmt\compile.h">
      <Filter>ヘッダー ファイル\fmt</Filter>
    </ClInclude>
    <ClInclude Include="include\fmt\core.h">
      <Filter>ヘッダー ファイル\fmt</Filter>
    </ClInclude>
    <ClInclude Include="include\fmt\format.h">
      <Filter>ヘッダー ファイル\fmt</Filter>
    </ClInclude>
    <ClInclude Include="include\fmt\format-inl.h">
      <Filter>ヘッダー ファイル\fmt</Filter>
    </ClInclude>
    <ClInclude Include="include\fmt\os.h">
      <Filter>ヘッダー ファイル\fmt</Filter>
    </ClInclude>
    <ClInclude Include="include\fmt\ostream.h">
      <Filter>ヘッダー ファイル\fmt</Filter>
    </ClInclude>
    <ClInclude Include="include\fmt\printf.h">
      <Filter>ヘッダー ファイル\fmt</Filter>
    </ClInclude>
    <ClInclude Include="include\fmt\ranges.h">
      <Filter>ヘッダー ファイル\fmt</Filter>
    </ClInclude>
    <ClInclude Include="include\fmt\std.h">
      <Filter>ヘッダー ファイル\fmt</Filter>
    </ClInclude>
    <ClInclude Include="include\fmt\xchar.h">
      <Filter>ヘッダー ファイル\fmt</Filter>
    </ClInclude>
    <ClInclude Include="include\quill\Backend.h">
      <Filter>ヘッダー ファイル\quill</Filter>
    </ClInclude>
    <ClInclude Include="include\quill\BackendTscClock.h">
      <Filter>ヘッダー ファイル\quill</Filter>
    </ClInclude>
    <ClInclude Include="include\quill\CsvWriter.h">
      <Filter>ヘッダー ファイル\quill</Filter>
    </ClInclude>
    <ClInclude Include="include\quill\DeferredFormatCodec.h">
      <Filter>ヘッダー ファイル\quill</Filter>
    </ClInclude>
    <ClInclude Include="include\quill\DirectFormatCodec.h">
      <Filter>ヘッダー ファイル\quill</Filter>
    </ClInclude>
    <ClInclude Include="include\quill\Frontend.h">
      <Filter>ヘッダー ファイル\quill</Filter>
    </ClInclude>
    <ClInclude Include="include\quill\Logger.h">
      <Filter>ヘッダー ファイル\quill</Filter>
    </ClInclude>
    <ClInclude Include="include\quill\LogMacros.h">
      <Filter>ヘッダー ファイル\quill</Filter>
    </ClInclude>
    <ClInclude Include="include\quill\StopWatch.h">
      <Filter>ヘッダー ファイル\quill</Filter>
    </ClInclude>
    <ClInclude Include="include\quill\StringRef.h">
      <Filter>ヘッダー ファイル\quill</Filter>
    </ClInclude>
    <ClInclude Include="include\quill\UserClockSource.h">
      <Filter>ヘッダー ファイル\quill</Filter>
    </ClInclude>
    <ClInclude Include="include\quill\Utility.h">
      <Filter>ヘッダー ファイル\quill</Filter>
    </ClInclude>
  </ItemGroup>
</Project>